
Microsoft Visual Studio Solution File, Format Version 12.00
# Visual Studio Version 16
VisualStudioVersion = 16.0.34301.259
MinimumVisualStudioVersion = 10.0.40219.1
Project("{FAE04EC0-301F-11D3-BF4B-00C04F79EFBC}") = "UnitTestProject1", "UnitTestProject1\UnitTestProject1.csproj", "{5C760D16-5DFB-4AD9-9F45-F4F50B20BECC}"
EndProject
Global
	GlobalSection(SolutionConfigurationPlatforms) = preSolution
		Debug|Any CPU = Debug|Any CPU
		Release|Any CPU = Release|Any CPU
	EndGlobalSection
	GlobalSection(ProjectConfigurationPlatforms) = postSolution
		{5C760D16-5DFB-4AD9-9F45-F4F50B20BECC}.Debug|Any CPU.ActiveCfg = Debug|Any CPU
		{5C760D16-5DFB-4AD9-9F45-F4F50B20BECC}.Debug|Any CPU.Build.0 = Debug|Any CPU
		{5C760D16-5DFB-4AD9-9F45-F4F50B20BECC}.Release|Any CPU.ActiveCfg = Release|Any CPU
		{5C760D16-5DFB-4AD9-9F45-F4F50B20BECC}.Release|Any CPU.Build.0 = Release|Any CPU
	EndGlobalSection
	GlobalSection(SolutionProperties) = preSolution
		HideSolutionNode = FALSE
	EndGlobalSection
	GlobalSection(ExtensibilityGlobals) = postSolution
		SolutionGuid = {81409AD8-E175-4D41-B638-B87CA246C8A4}
	EndGlobalSection
EndGlobal
