
Microsoft Visual Studio Solution File, Format Version 12.00
# Visual Studio Version 16
VisualStudioVersion = 16.0.34031.81
MinimumVisualStudioVersion = 10.0.40219.1
Project("{FAE04EC0-301F-11D3-BF4B-00C04F79EFBC}") = "PowerPoint", "PPTv1\PowerPoint.csproj", "{83421BB4-8459-4AEF-86B1-BD0869D5DA67}"
EndProject
Global
	GlobalSection(SolutionConfigurationPlatforms) = preSolution
		Debug|Any CPU = Debug|Any CPU
		Release|Any CPU = Release|Any CPU
	EndGlobalSection
	GlobalSection(ProjectConfigurationPlatforms) = postSolution
		{83421BB4-8459-4AEF-86B1-BD0869D5DA67}.Debug|Any CPU.ActiveCfg = Debug|Any CPU
		{83421BB4-8459-4AEF-86B1-BD0869D5DA67}.Debug|Any CPU.Build.0 = Debug|Any CPU
		{83421BB4-8459-4AEF-86B1-BD0869D5DA67}.Release|Any CPU.ActiveCfg = Release|Any CPU
		{83421BB4-8459-4AEF-86B1-BD0869D5DA67}.Release|Any CPU.Build.0 = Release|Any CPU
	EndGlobalSection
	GlobalSection(SolutionProperties) = preSolution
		HideSolutionNode = FALSE
	EndGlobalSection
	GlobalSection(ExtensibilityGlobals) = postSolution
		SolutionGuid = {65A11D01-FA47-42DA-B24D-06CDB1B897AA}
	EndGlobalSection
EndGlobal
